
Microsoft Visual Studio Solution File, Format Version 12.00
# Visual Studio Version 17
VisualStudioVersion = 17.5.002.0
MinimumVisualStudioVersion = 10.0.40219.1
Project("{FAE04EC0-301F-11D3-BF4B-00C04F79EFBC}") = "Nampacx.Copilot.WebApi", "CsCopilot.WebApi\Nampacx.Copilot.WebApi.csproj", "{1DD10B90-1B6C-4722-A580-E97BF495ABD0}"
EndProject
Project("{FAE04EC0-301F-11D3-BF4B-00C04F79EFBC}") = "Shared", "Shared\Shared.csproj", "{416C7A0E-0E45-4E95-98B1-7B24DA7DF929}"
EndProject
Project("{FAE04EC0-301F-11D3-BF4B-00C04F79EFBC}") = "SemanticKernelPlugins", "SemanticKernelPlugins\SemanticKernelPlugins.csproj", "{4589EDB1-7111-4E30-BFE5-5B6613A840A3}"
EndProject
Project("{FAE04EC0-301F-11D3-BF4B-00C04F79EFBC}") = "KernelFunctionTests", "KernelFaunctionTests\KernelFunctionTests.csproj", "{96D87D29-D796-489E-BECD-46E58485702A}"
EndProject
Project("{2150E333-8FDC-42A3-9474-1A3956D46DE8}") = "SKTools", "SKTools", "{22E9276E-5BB3-4D3B-93E2-E7A70A366738}"
EndProject
Project("{FAE04EC0-301F-11D3-BF4B-00C04F79EFBC}") = "SemanticKernel.Connector", "SemanticKernel.ToolsExtractor\SemanticKernel.Connector.csproj", "{D31E1210-A2B6-43C4-A454-9A91CBB93E87}"
EndProject
Project("{FAE04EC0-301F-11D3-BF4B-00C04F79EFBC}") = "Shared.Tests", "Shared.Tests\Shared.Tests.csproj", "{C6CF8304-AC75-46C8-B55C-DF38D6156AC6}"
EndProject
Global
	GlobalSection(SolutionConfigurationPlatforms) = preSolution
		Debug|Any CPU = Debug|Any CPU
		Release|Any CPU = Release|Any CPU
	EndGlobalSection
	GlobalSection(ProjectConfigurationPlatforms) = postSolution
		{1DD10B90-1B6C-4722-A580-E97BF495ABD0}.Debug|Any CPU.ActiveCfg = Debug|Any CPU
		{1DD10B90-1B6C-4722-A580-E97BF495ABD0}.Debug|Any CPU.Build.0 = Debug|Any CPU
		{1DD10B90-1B6C-4722-A580-E97BF495ABD0}.Release|Any CPU.ActiveCfg = Release|Any CPU
		{1DD10B90-1B6C-4722-A580-E97BF495ABD0}.Release|Any CPU.Build.0 = Release|Any CPU
		{416C7A0E-0E45-4E95-98B1-7B24DA7DF929}.Debug|Any CPU.ActiveCfg = Debug|Any CPU
		{416C7A0E-0E45-4E95-98B1-7B24DA7DF929}.Debug|Any CPU.Build.0 = Debug|Any CPU
		{416C7A0E-0E45-4E95-98B1-7B24DA7DF929}.Release|Any CPU.ActiveCfg = Release|Any CPU
		{416C7A0E-0E45-4E95-98B1-7B24DA7DF929}.Release|Any CPU.Build.0 = Release|Any CPU
		{4589EDB1-7111-4E30-BFE5-5B6613A840A3}.Debug|Any CPU.ActiveCfg = Debug|Any CPU
		{4589EDB1-7111-4E30-BFE5-5B6613A840A3}.Debug|Any CPU.Build.0 = Debug|Any CPU
		{4589EDB1-7111-4E30-BFE5-5B6613A840A3}.Release|Any CPU.ActiveCfg = Release|Any CPU
		{4589EDB1-7111-4E30-BFE5-5B6613A840A3}.Release|Any CPU.Build.0 = Release|Any CPU
		{96D87D29-D796-489E-BECD-46E58485702A}.Debug|Any CPU.ActiveCfg = Debug|Any CPU
		{96D87D29-D796-489E-BECD-46E58485702A}.Debug|Any CPU.Build.0 = Debug|Any CPU
		{96D87D29-D796-489E-BECD-46E58485702A}.Release|Any CPU.ActiveCfg = Release|Any CPU
		{96D87D29-D796-489E-BECD-46E58485702A}.Release|Any CPU.Build.0 = Release|Any CPU
		{D31E1210-A2B6-43C4-A454-9A91CBB93E87}.Debug|Any CPU.ActiveCfg = Debug|Any CPU
		{D31E1210-A2B6-43C4-A454-9A91CBB93E87}.Debug|Any CPU.Build.0 = Debug|Any CPU
		{D31E1210-A2B6-43C4-A454-9A91CBB93E87}.Release|Any CPU.ActiveCfg = Release|Any CPU
		{D31E1210-A2B6-43C4-A454-9A91CBB93E87}.Release|Any CPU.Build.0 = Release|Any CPU
		{C6CF8304-AC75-46C8-B55C-DF38D6156AC6}.Debug|Any CPU.ActiveCfg = Debug|Any CPU
		{C6CF8304-AC75-46C8-B55C-DF38D6156AC6}.Debug|Any CPU.Build.0 = Debug|Any CPU
		{C6CF8304-AC75-46C8-B55C-DF38D6156AC6}.Release|Any CPU.ActiveCfg = Release|Any CPU
		{C6CF8304-AC75-46C8-B55C-DF38D6156AC6}.Release|Any CPU.Build.0 = Release|Any CPU
	EndGlobalSection
	GlobalSection(SolutionProperties) = preSolution
		HideSolutionNode = FALSE
	EndGlobalSection
	GlobalSection(NestedProjects) = preSolution
		{4589EDB1-7111-4E30-BFE5-5B6613A840A3} = {22E9276E-5BB3-4D3B-93E2-E7A70A366738}
		{96D87D29-D796-489E-BECD-46E58485702A} = {22E9276E-5BB3-4D3B-93E2-E7A70A366738}
		{D31E1210-A2B6-43C4-A454-9A91CBB93E87} = {22E9276E-5BB3-4D3B-93E2-E7A70A366738}
	EndGlobalSection
	GlobalSection(ExtensibilityGlobals) = postSolution
		SolutionGuid = {0A5188E0-AC12-493A-BD55-21313C5F0654}
	EndGlobalSection
EndGlobal
