
Microsoft Visual Studio Solution File, Format Version 12.00
# Visual Studio Version 17
VisualStudioVersion = 17.5.002.0
MinimumVisualStudioVersion = 10.0.40219.1
Project("{FAE04EC0-301F-11D3-BF4B-00C04F79EFBC}") = "CsCopilot.WebApi", "CsCopilot.WebApi\CsCopilot.WebApi.csproj", "{1DD10B90-1B6C-4722-A580-E97BF495ABD0}"
EndProject
Project("{FAE04EC0-301F-11D3-BF4B-00C04F79EFBC}") = "Shared", "Shared\Shared.csproj", "{416C7A0E-0E45-4E95-98B1-7B24DA7DF929}"
EndProject
Global
	GlobalSection(SolutionConfigurationPlatforms) = preSolution
		Debug|Any CPU = Debug|Any CPU
		Release|Any CPU = Release|Any CPU
	EndGlobalSection
	GlobalSection(ProjectConfigurationPlatforms) = postSolution
		{1DD10B90-1B6C-4722-A580-E97BF495ABD0}.Debug|Any CPU.ActiveCfg = Debug|Any CPU
		{1DD10B90-1B6C-4722-A580-E97BF495ABD0}.Debug|Any CPU.Build.0 = Debug|Any CPU
		{1DD10B90-1B6C-4722-A580-E97BF495ABD0}.Release|Any CPU.ActiveCfg = Release|Any CPU
		{1DD10B90-1B6C-4722-A580-E97BF495ABD0}.Release|Any CPU.Build.0 = Release|Any CPU
		{416C7A0E-0E45-4E95-98B1-7B24DA7DF929}.Debug|Any CPU.ActiveCfg = Debug|Any CPU
		{416C7A0E-0E45-4E95-98B1-7B24DA7DF929}.Debug|Any CPU.Build.0 = Debug|Any CPU
		{416C7A0E-0E45-4E95-98B1-7B24DA7DF929}.Release|Any CPU.ActiveCfg = Release|Any CPU
		{416C7A0E-0E45-4E95-98B1-7B24DA7DF929}.Release|Any CPU.Build.0 = Release|Any CPU
	EndGlobalSection
	GlobalSection(SolutionProperties) = preSolution
		HideSolutionNode = FALSE
	EndGlobalSection
	GlobalSection(ExtensibilityGlobals) = postSolution
		SolutionGuid = {0A5188E0-AC12-493A-BD55-21313C5F0654}
	EndGlobalSection
EndGlobal
